
Microsoft Visual Studio Solution File, Format Version 12.00
# Visual Studio Version 16
VisualStudioVersion = 16.0.31911.196
MinimumVisualStudioVersion = 10.0.40219.1
Project("{FAE04EC0-301F-11D3-BF4B-00C04F79EFBC}") = "Cookies_Core", "Cookies_Core.csproj", "{4DCE0C92-B8DB-45CD-B22F-B3573D10BF69}"
EndProject
Global
	GlobalSection(SolutionConfigurationPlatforms) = preSolution
		Debug|Any CPU = Debug|Any CPU
		Release|Any CPU = Release|Any CPU
	EndGlobalSection
	GlobalSection(ProjectConfigurationPlatforms) = postSolution
		{4DCE0C92-B8DB-45CD-B22F-B3573D10BF69}.Debug|Any CPU.ActiveCfg = Debug|Any CPU
		{4DCE0C92-B8DB-45CD-B22F-B3573D10BF69}.Debug|Any CPU.Build.0 = Debug|Any CPU
		{4DCE0C92-B8DB-45CD-B22F-B3573D10BF69}.Release|Any CPU.ActiveCfg = Release|Any CPU
		{4DCE0C92-B8DB-45CD-B22F-B3573D10BF69}.Release|Any CPU.Build.0 = Release|Any CPU
	EndGlobalSection
	GlobalSection(SolutionProperties) = preSolution
		HideSolutionNode = FALSE
	EndGlobalSection
	GlobalSection(ExtensibilityGlobals) = postSolution
		SolutionGuid = {B993F18F-B8E3-489E-8800-88037E553E03}
	EndGlobalSection
EndGlobal
